
Microsoft Visual Studio Solution File, Format Version 12.00
# Visual Studio 15
VisualStudioVersion = 15.0.28010.2050
MinimumVisualStudioVersion = 10.0.40219.1
Project("{FAE04EC0-301F-11D3-BF4B-00C04F79EFBC}") = "MegafonInvalidApp", "MegafonInvalidApp\MegafonInvalidApp.csproj", "{39FB629E-0AB0-4DF0-9B6B-F939CE138206}"
EndProject
Global
	GlobalSection(SolutionConfigurationPlatforms) = preSolution
		Debug|Any CPU = Debug|Any CPU
		Release|Any CPU = Release|Any CPU
	EndGlobalSection
	GlobalSection(ProjectConfigurationPlatforms) = postSolution
		{39FB629E-0AB0-4DF0-9B6B-F939CE138206}.Debug|Any CPU.ActiveCfg = Debug|Any CPU
		{39FB629E-0AB0-4DF0-9B6B-F939CE138206}.Debug|Any CPU.Build.0 = Debug|Any CPU
		{39FB629E-0AB0-4DF0-9B6B-F939CE138206}.Release|Any CPU.ActiveCfg = Release|Any CPU
		{39FB629E-0AB0-4DF0-9B6B-F939CE138206}.Release|Any CPU.Build.0 = Release|Any CPU
	EndGlobalSection
	GlobalSection(SolutionProperties) = preSolution
		HideSolutionNode = FALSE
	EndGlobalSection
	GlobalSection(ExtensibilityGlobals) = postSolution
		SolutionGuid = {0B8B9652-1BC5-4641-899A-FE5186BC07E7}
	EndGlobalSection
EndGlobal
